// !$*UTF8*$!
{
	archiveVersion = 1;
	classes = {
	};
	objectVersion = 51;
	objects = {

/* Begin PBXBuildFile section */
		49305D35BF538B195200233A /* Pods_FormDBAndWS.framework in Frameworks */ = {isa = PBXBuildFile; fileRef = 87F33BE655441EA6A0EBCC26 /* Pods_FormDBAndWS.framework */; };
		4E6511EC25BB46C800F09093 /* AppDelegate.swift in Sources */ = {isa = PBXBuildFile; fileRef = 4E6511EB25BB46C800F09093 /* AppDelegate.swift */; };
		4E6511EE25BB46C800F09093 /* SceneDelegate.swift in Sources */ = {isa = PBXBuildFile; fileRef = 4E6511ED25BB46C800F09093 /* SceneDelegate.swift */; };
		4E6511F025BB46C800F09093 /* ViewController.swift in Sources */ = {isa = PBXBuildFile; fileRef = 4E6511EF25BB46C800F09093 /* ViewController.swift */; };
		4E6511F325BB46C800F09093 /* Main.storyboard in Resources */ = {isa = PBXBuildFile; fileRef = 4E6511F125BB46C800F09093 /* Main.storyboard */; };
		4E6511F525BB46CD00F09093 /* Assets.xcassets in Resources */ = {isa = PBXBuildFile; fileRef = 4E6511F425BB46CD00F09093 /* Assets.xcassets */; };
		4E6511F825BB46CD00F09093 /* LaunchScreen.storyboard in Resources */ = {isa = PBXBuildFile; fileRef = 4E6511F625BB46CD00F09093 /* LaunchScreen.storyboard */; };
		4E65120325BB46CD00F09093 /* FormDBAndWSTests.swift in Sources */ = {isa = PBXBuildFile; fileRef = 4E65120225BB46CD00F09093 /* FormDBAndWSTests.swift */; };
		4E65120E25BB46CD00F09093 /* FormDBAndWSUITests.swift in Sources */ = {isa = PBXBuildFile; fileRef = 4E65120D25BB46CD00F09093 /* FormDBAndWSUITests.swift */; };
		4E65124925BB4BDF00F09093 /* Person.swift in Sources */ = {isa = PBXBuildFile; fileRef = 4E65124825BB4BDF00F09093 /* Person.swift */; };
		4E65129F25BB4FF400F09093 /* Gender.swift in Sources */ = {isa = PBXBuildFile; fileRef = 4E65129E25BB4FF400F09093 /* Gender.swift */; };
		4E6512A425BB73EB00F09093 /* Extension.swift in Sources */ = {isa = PBXBuildFile; fileRef = 4E6512A325BB73EB00F09093 /* Extension.swift */; };
		4E6512A925BB75C600F09093 /* MDCUtils.swift in Sources */ = {isa = PBXBuildFile; fileRef = 4E6512A825BB75C600F09093 /* MDCUtils.swift */; };
		4E6512AF25BB779300F09093 /* FormViewController.swift in Sources */ = {isa = PBXBuildFile; fileRef = 4E6512AE25BB779300F09093 /* FormViewController.swift */; };
		4E6512C025BB867D00F09093 /* Commons.storyboard in Resources */ = {isa = PBXBuildFile; fileRef = 4E6512BE25BB867D00F09093 /* Commons.storyboard */; };
		4E6512C525BB8BA300F09093 /* MainViewController.swift in Sources */ = {isa = PBXBuildFile; fileRef = 4E6512C425BB8BA300F09093 /* MainViewController.swift */; };
		4E6512CA25BBA7BC00F09093 /* PeopleListWSViewController.swift in Sources */ = {isa = PBXBuildFile; fileRef = 4E6512C925BBA7BC00F09093 /* PeopleListWSViewController.swift */; };
		4E6512CF25BBA7CA00F09093 /* PeopleListDBViewController.swift in Sources */ = {isa = PBXBuildFile; fileRef = 4E6512CE25BBA7CA00F09093 /* PeopleListDBViewController.swift */; };
		4E6512D425BBA7E700F09093 /* RequestListViewController.swift in Sources */ = {isa = PBXBuildFile; fileRef = 4E6512D325BBA7E700F09093 /* RequestListViewController.swift */; };
		4E6512DC25BBAD2600F09093 /* RequestDB.swift in Sources */ = {isa = PBXBuildFile; fileRef = 4E6512DB25BBAD2600F09093 /* RequestDB.swift */; };
		4E6512E125BBB84D00F09093 /* Constants.swift in Sources */ = {isa = PBXBuildFile; fileRef = 4E6512E025BBB84D00F09093 /* Constants.swift */; };
		4E6512E625BBB93900F09093 /* Api.swift in Sources */ = {isa = PBXBuildFile; fileRef = 4E6512E525BBB93900F09093 /* Api.swift */; };
		4E6512EB25BBC0B900F09093 /* GenericResult.swift in Sources */ = {isa = PBXBuildFile; fileRef = 4E6512EA25BBC0B900F09093 /* GenericResult.swift */; };
		4E6512F025BBC7FA00F09093 /* UIUtlis.swift in Sources */ = {isa = PBXBuildFile; fileRef = 4E6512EF25BBC7FA00F09093 /* UIUtlis.swift */; };
		4E65130625BC9D2300F09093 /* PersonTableViewCell.swift in Sources */ = {isa = PBXBuildFile; fileRef = 4E65130425BC9D2300F09093 /* PersonTableViewCell.swift */; };
		4E65130725BC9D2300F09093 /* PersonTableViewCell.xib in Resources */ = {isa = PBXBuildFile; fileRef = 4E65130525BC9D2300F09093 /* PersonTableViewCell.xib */; };
		4E65130D25BC9D4300F09093 /* RequestTableViewCell.swift in Sources */ = {isa = PBXBuildFile; fileRef = 4E65130B25BC9D4300F09093 /* RequestTableViewCell.swift */; };
		4E65130E25BC9D4300F09093 /* RequestTableViewCell.xib in Resources */ = {isa = PBXBuildFile; fileRef = 4E65130C25BC9D4300F09093 /* RequestTableViewCell.xib */; };
/* End PBXBuildFile section */

/* Begin PBXContainerItemProxy section */
		4E6511FF25BB46CD00F09093 /* PBXContainerItemProxy */ = {
			isa = PBXContainerItemProxy;
			containerPortal = 4E6511E025BB46C800F09093 /* Project object */;
			proxyType = 1;
			remoteGlobalIDString = 4E6511E725BB46C800F09093;
			remoteInfo = FormDBAndWS;
		};
		4E65120A25BB46CD00F09093 /* PBXContainerItemProxy */ = {
			isa = PBXContainerItemProxy;
			containerPortal = 4E6511E025BB46C800F09093 /* Project object */;
			proxyType = 1;
			remoteGlobalIDString = 4E6511E725BB46C800F09093;
			remoteInfo = FormDBAndWS;
		};
/* End PBXContainerItemProxy section */

/* Begin PBXFileReference section */
		2C8956D6751CBC823293DB33 /* Pods-FormDBAndWS.release.xcconfig */ = {isa = PBXFileReference; includeInIndex = 1; lastKnownFileType = text.xcconfig; name = "Pods-FormDBAndWS.release.xcconfig"; path = "Target Support Files/Pods-FormDBAndWS/Pods-FormDBAndWS.release.xcconfig"; sourceTree = "<group>"; };
		4E6511E825BB46C800F09093 /* FormDBAndWS.app */ = {isa = PBXFileReference; explicitFileType = wrapper.application; includeInIndex = 0; path = FormDBAndWS.app; sourceTree = BUILT_PRODUCTS_DIR; };
		4E6511EB25BB46C800F09093 /* AppDelegate.swift */ = {isa = PBXFileReference; lastKnownFileType = sourcecode.swift; path = AppDelegate.swift; sourceTree = "<group>"; };
		4E6511ED25BB46C800F09093 /* SceneDelegate.swift */ = {isa = PBXFileReference; lastKnownFileType = sourcecode.swift; path = SceneDelegate.swift; sourceTree = "<group>"; };
		4E6511EF25BB46C800F09093 /* ViewController.swift */ = {isa = PBXFileReference; lastKnownFileType = sourcecode.swift; path = ViewController.swift; sourceTree = "<group>"; };
		4E6511F225BB46C800F09093 /* Base */ = {isa = PBXFileReference; lastKnownFileType = file.storyboard; name = Base; path = Base.lproj/Main.storyboard; sourceTree = "<group>"; };
		4E6511F425BB46CD00F09093 /* Assets.xcassets */ = {isa = PBXFileReference; lastKnownFileType = folder.assetcatalog; path = Assets.xcassets; sourceTree = "<group>"; };
		4E6511F725BB46CD00F09093 /* Base */ = {isa = PBXFileReference; lastKnownFileType = file.storyboard; name = Base; path = Base.lproj/LaunchScreen.storyboard; sourceTree = "<group>"; };
		4E6511F925BB46CD00F09093 /* Info.plist */ = {isa = PBXFileReference; lastKnownFileType = text.plist.xml; path = Info.plist; sourceTree = "<group>"; };
		4E6511FE25BB46CD00F09093 /* FormDBAndWSTests.xctest */ = {isa = PBXFileReference; explicitFileType = wrapper.cfbundle; includeInIndex = 0; path = FormDBAndWSTests.xctest; sourceTree = BUILT_PRODUCTS_DIR; };
		4E65120225BB46CD00F09093 /* FormDBAndWSTests.swift */ = {isa = PBXFileReference; lastKnownFileType = sourcecode.swift; path = FormDBAndWSTests.swift; sourceTree = "<group>"; };
		4E65120425BB46CD00F09093 /* Info.plist */ = {isa = PBXFileReference; lastKnownFileType = text.plist.xml; path = Info.plist; sourceTree = "<group>"; };
		4E65120925BB46CD00F09093 /* FormDBAndWSUITests.xctest */ = {isa = PBXFileReference; explicitFileType = wrapper.cfbundle; includeInIndex = 0; path = FormDBAndWSUITests.xctest; sourceTree = BUILT_PRODUCTS_DIR; };
		4E65120D25BB46CD00F09093 /* FormDBAndWSUITests.swift */ = {isa = PBXFileReference; lastKnownFileType = sourcecode.swift; path = FormDBAndWSUITests.swift; sourceTree = "<group>"; };
		4E65120F25BB46CD00F09093 /* Info.plist */ = {isa = PBXFileReference; lastKnownFileType = text.plist.xml; path = Info.plist; sourceTree = "<group>"; };
		4E65124825BB4BDF00F09093 /* Person.swift */ = {isa = PBXFileReference; lastKnownFileType = sourcecode.swift; path = Person.swift; sourceTree = "<group>"; };
		4E65129E25BB4FF400F09093 /* Gender.swift */ = {isa = PBXFileReference; lastKnownFileType = sourcecode.swift; path = Gender.swift; sourceTree = "<group>"; };
		4E6512A325BB73EB00F09093 /* Extension.swift */ = {isa = PBXFileReference; lastKnownFileType = sourcecode.swift; path = Extension.swift; sourceTree = "<group>"; };
		4E6512A825BB75C600F09093 /* MDCUtils.swift */ = {isa = PBXFileReference; lastKnownFileType = sourcecode.swift; path = MDCUtils.swift; sourceTree = "<group>"; };
		4E6512AE25BB779300F09093 /* FormViewController.swift */ = {isa = PBXFileReference; lastKnownFileType = sourcecode.swift; path = FormViewController.swift; sourceTree = "<group>"; };
		4E6512BF25BB867D00F09093 /* Base */ = {isa = PBXFileReference; lastKnownFileType = file.storyboard; name = Base; path = Base.lproj/Commons.storyboard; sourceTree = "<group>"; };
		4E6512C425BB8BA300F09093 /* MainViewController.swift */ = {isa = PBXFileReference; lastKnownFileType = sourcecode.swift; path = MainViewController.swift; sourceTree = "<group>"; };
		4E6512C925BBA7BC00F09093 /* PeopleListWSViewController.swift */ = {isa = PBXFileReference; lastKnownFileType = sourcecode.swift; path = PeopleListWSViewController.swift; sourceTree = "<group>"; };
		4E6512CE25BBA7CA00F09093 /* PeopleListDBViewController.swift */ = {isa = PBXFileReference; lastKnownFileType = sourcecode.swift; path = PeopleListDBViewController.swift; sourceTree = "<group>"; };
		4E6512D325BBA7E700F09093 /* RequestListViewController.swift */ = {isa = PBXFileReference; lastKnownFileType = sourcecode.swift; path = RequestListViewController.swift; sourceTree = "<group>"; };
		4E6512DB25BBAD2600F09093 /* RequestDB.swift */ = {isa = PBXFileReference; lastKnownFileType = sourcecode.swift; path = RequestDB.swift; sourceTree = "<group>"; };
		4E6512E025BBB84D00F09093 /* Constants.swift */ = {isa = PBXFileReference; lastKnownFileType = sourcecode.swift; path = Constants.swift; sourceTree = "<group>"; };
		4E6512E525BBB93900F09093 /* Api.swift */ = {isa = PBXFileReference; lastKnownFileType = sourcecode.swift; path = Api.swift; sourceTree = "<group>"; };
		4E6512EA25BBC0B900F09093 /* GenericResult.swift */ = {isa = PBXFileReference; lastKnownFileType = sourcecode.swift; path = GenericResult.swift; sourceTree = "<group>"; };
		4E6512EF25BBC7FA00F09093 /* UIUtlis.swift */ = {isa = PBXFileReference; lastKnownFileType = sourcecode.swift; path = UIUtlis.swift; sourceTree = "<group>"; };
		4E65130425BC9D2300F09093 /* PersonTableViewCell.swift */ = {isa = PBXFileReference; lastKnownFileType = sourcecode.swift; path = PersonTableViewCell.swift; sourceTree = "<group>"; };
		4E65130525BC9D2300F09093 /* PersonTableViewCell.xib */ = {isa = PBXFileReference; lastKnownFileType = file.xib; path = PersonTableViewCell.xib; sourceTree = "<group>"; };
		4E65130B25BC9D4300F09093 /* RequestTableViewCell.swift */ = {isa = PBXFileReference; lastKnownFileType = sourcecode.swift; path = RequestTableViewCell.swift; sourceTree = "<group>"; };
		4E65130C25BC9D4300F09093 /* RequestTableViewCell.xib */ = {isa = PBXFileReference; lastKnownFileType = file.xib; path = RequestTableViewCell.xib; sourceTree = "<group>"; };
		87F33BE655441EA6A0EBCC26 /* Pods_FormDBAndWS.framework */ = {isa = PBXFileReference; explicitFileType = wrapper.framework; includeInIndex = 0; path = Pods_FormDBAndWS.framework; sourceTree = BUILT_PRODUCTS_DIR; };
		D20EC3CB162280D97251A10C /* Pods-FormDBAndWS.debug.xcconfig */ = {isa = PBXFileReference; includeInIndex = 1; lastKnownFileType = text.xcconfig; name = "Pods-FormDBAndWS.debug.xcconfig"; path = "Target Support Files/Pods-FormDBAndWS/Pods-FormDBAndWS.debug.xcconfig"; sourceTree = "<group>"; };
/* End PBXFileReference section */

/* Begin PBXFrameworksBuildPhase section */
		4E6511E525BB46C800F09093 /* Frameworks */ = {
			isa = PBXFrameworksBuildPhase;
			buildActionMask = 2147483647;
			files = (
				49305D35BF538B195200233A /* Pods_FormDBAndWS.framework in Frameworks */,
			);
			runOnlyForDeploymentPostprocessing = 0;
		};
		4E6511FB25BB46CD00F09093 /* Frameworks */ = {
			isa = PBXFrameworksBuildPhase;
			buildActionMask = 2147483647;
			files = (
			);
			runOnlyForDeploymentPostprocessing = 0;
		};
		4E65120625BB46CD00F09093 /* Frameworks */ = {
			isa = PBXFrameworksBuildPhase;
			buildActionMask = 2147483647;
			files = (
			);
			runOnlyForDeploymentPostprocessing = 0;
		};
/* End PBXFrameworksBuildPhase section */

/* Begin PBXGroup section */
		4636BDA6C5E6E12B94A620C1 /* Frameworks */ = {
			isa = PBXGroup;
			children = (
				87F33BE655441EA6A0EBCC26 /* Pods_FormDBAndWS.framework */,
			);
			name = Frameworks;
			sourceTree = "<group>";
		};
		4E6511DF25BB46C800F09093 = {
			isa = PBXGroup;
			children = (
				4E6511EA25BB46C800F09093 /* FormDBAndWS */,
				4E65120125BB46CD00F09093 /* FormDBAndWSTests */,
				4E65120C25BB46CD00F09093 /* FormDBAndWSUITests */,
				4E6511E925BB46C800F09093 /* Products */,
				ECA3350C7997F215387E8879 /* Pods */,
				4636BDA6C5E6E12B94A620C1 /* Frameworks */,
			);
			sourceTree = "<group>";
		};
		4E6511E925BB46C800F09093 /* Products */ = {
			isa = PBXGroup;
			children = (
				4E6511E825BB46C800F09093 /* FormDBAndWS.app */,
				4E6511FE25BB46CD00F09093 /* FormDBAndWSTests.xctest */,
				4E65120925BB46CD00F09093 /* FormDBAndWSUITests.xctest */,
			);
			name = Products;
			sourceTree = "<group>";
		};
		4E6511EA25BB46C800F09093 /* FormDBAndWS */ = {
			isa = PBXGroup;
			children = (
				4E65122A25BB4B0700F09093 /* Api */,
				4E65122C25BB4B1F00F09093 /* Controllers */,
				4E65122B25BB4B1700F09093 /* Models */,
				4E65123A25BB4B4B00F09093 /* Library */,
				4E65123325BB4B4100F09093 /* Utils */,
				4E65123B25BB4B5400F09093 /* Views */,
				4E6511F925BB46CD00F09093 /* Info.plist */,
			);
			path = FormDBAndWS;
			sourceTree = "<group>";
		};
		4E65120125BB46CD00F09093 /* FormDBAndWSTests */ = {
			isa = PBXGroup;
			children = (
				4E65120225BB46CD00F09093 /* FormDBAndWSTests.swift */,
				4E65120425BB46CD00F09093 /* Info.plist */,
			);
			path = FormDBAndWSTests;
			sourceTree = "<group>";
		};
		4E65120C25BB46CD00F09093 /* FormDBAndWSUITests */ = {
			isa = PBXGroup;
			children = (
				4E65120D25BB46CD00F09093 /* FormDBAndWSUITests.swift */,
				4E65120F25BB46CD00F09093 /* Info.plist */,
			);
			path = FormDBAndWSUITests;
			sourceTree = "<group>";
		};
		4E65122A25BB4B0700F09093 /* Api */ = {
			isa = PBXGroup;
			children = (
				4E6512E025BBB84D00F09093 /* Constants.swift */,
				4E6512E525BBB93900F09093 /* Api.swift */,
			);
			path = Api;
			sourceTree = "<group>";
		};
		4E65122B25BB4B1700F09093 /* Models */ = {
			isa = PBXGroup;
			children = (
				4E6512EA25BBC0B900F09093 /* GenericResult.swift */,
				4E65124825BB4BDF00F09093 /* Person.swift */,
				4E65129E25BB4FF400F09093 /* Gender.swift */,
				4E6512DB25BBAD2600F09093 /* RequestDB.swift */,
			);
			path = Models;
			sourceTree = "<group>";
		};
		4E65122C25BB4B1F00F09093 /* Controllers */ = {
			isa = PBXGroup;
			children = (
				4E6512AD25BB777200F09093 /* Main */,
				4E6511EF25BB46C800F09093 /* ViewController.swift */,
			);
			path = Controllers;
			sourceTree = "<group>";
		};
		4E65123325BB4B4100F09093 /* Utils */ = {
			isa = PBXGroup;
			children = (
				4E6512A325BB73EB00F09093 /* Extension.swift */,
				4E6512A825BB75C600F09093 /* MDCUtils.swift */,
				4E6512EF25BBC7FA00F09093 /* UIUtlis.swift */,
			);
			path = Utils;
			sourceTree = "<group>";
		};
		4E65123A25BB4B4B00F09093 /* Library */ = {
			isa = PBXGroup;
			children = (
				4E6511EB25BB46C800F09093 /* AppDelegate.swift */,
				4E6511ED25BB46C800F09093 /* SceneDelegate.swift */,
				4E6511F425BB46CD00F09093 /* Assets.xcassets */,
			);
			path = Library;
			sourceTree = "<group>";
		};
		4E65123B25BB4B5400F09093 /* Views */ = {
			isa = PBXGroup;
			children = (
				4E6512BE25BB867D00F09093 /* Commons.storyboard */,
				4E6511F625BB46CD00F09093 /* LaunchScreen.storyboard */,
				4E6511F125BB46C800F09093 /* Main.storyboard */,
			);
			path = Views;
			sourceTree = "<group>";
		};
		4E6512AD25BB777200F09093 /* Main */ = {
			isa = PBXGroup;
			children = (
				4E65130325BC9CDE00F09093 /* Components */,
				4E6512C425BB8BA300F09093 /* MainViewController.swift */,
				4E6512AE25BB779300F09093 /* FormViewController.swift */,
				4E6512C925BBA7BC00F09093 /* PeopleListWSViewController.swift */,
				4E6512CE25BBA7CA00F09093 /* PeopleListDBViewController.swift */,
				4E6512D325BBA7E700F09093 /* RequestListViewController.swift */,
			);
			path = Main;
			sourceTree = "<group>";
		};
		4E65130325BC9CDE00F09093 /* Components */ = {
			isa = PBXGroup;
			children = (
				4E65130425BC9D2300F09093 /* PersonTableViewCell.swift */,
				4E65130525BC9D2300F09093 /* PersonTableViewCell.xib */,
				4E65130B25BC9D4300F09093 /* RequestTableViewCell.swift */,
				4E65130C25BC9D4300F09093 /* RequestTableViewCell.xib */,
			);
			path = Components;
			sourceTree = "<group>";
		};
		ECA3350C7997F215387E8879 /* Pods */ = {
			isa = PBXGroup;
			children = (
				D20EC3CB162280D97251A10C /* Pods-FormDBAndWS.debug.xcconfig */,
				2C8956D6751CBC823293DB33 /* Pods-FormDBAndWS.release.xcconfig */,
			);
			path = Pods;
			sourceTree = "<group>";
		};
/* End PBXGroup section */

/* Begin PBXNativeTarget section */
		4E6511E725BB46C800F09093 /* FormDBAndWS */ = {
			isa = PBXNativeTarget;
			buildConfigurationList = 4E65121225BB46CD00F09093 /* Build configuration list for PBXNativeTarget "FormDBAndWS" */;
			buildPhases = (
				59A074E0CD69AB3372272FD2 /* [CP] Check Pods Manifest.lock */,
				4E6511E425BB46C800F09093 /* Sources */,
				4E6511E525BB46C800F09093 /* Frameworks */,
				4E6511E625BB46C800F09093 /* Resources */,
				D04550613735DB1AF6B0090A /* [CP] Embed Pods Frameworks */,
			);
			buildRules = (
			);
			dependencies = (
			);
			name = FormDBAndWS;
			productName = FormDBAndWS;
			productReference = 4E6511E825BB46C800F09093 /* FormDBAndWS.app */;
			productType = "com.apple.product-type.application";
		};
		4E6511FD25BB46CD00F09093 /* FormDBAndWSTests */ = {
			isa = PBXNativeTarget;
			buildConfigurationList = 4E65121525BB46CD00F09093 /* Build configuration list for PBXNativeTarget "FormDBAndWSTests" */;
			buildPhases = (
				4E6511FA25BB46CD00F09093 /* Sources */,
				4E6511FB25BB46CD00F09093 /* Frameworks */,
				4E6511FC25BB46CD00F09093 /* Resources */,
			);
			buildRules = (
			);
			dependencies = (
				4E65120025BB46CD00F09093 /* PBXTargetDependency */,
			);
			name = FormDBAndWSTests;
			productName = FormDBAndWSTests;
			productReference = 4E6511FE25BB46CD00F09093 /* FormDBAndWSTests.xctest */;
			productType = "com.apple.product-type.bundle.unit-test";
		};
		4E65120825BB46CD00F09093 /* FormDBAndWSUITests */ = {
			isa = PBXNativeTarget;
			buildConfigurationList = 4E65121825BB46CD00F09093 /* Build configuration list for PBXNativeTarget "FormDBAndWSUITests" */;
			buildPhases = (
				4E65120525BB46CD00F09093 /* Sources */,
				4E65120625BB46CD00F09093 /* Frameworks */,
				4E65120725BB46CD00F09093 /* Resources */,
			);
			buildRules = (
			);
			dependencies = (
				4E65120B25BB46CD00F09093 /* PBXTargetDependency */,
			);
			name = FormDBAndWSUITests;
			productName = FormDBAndWSUITests;
			productReference = 4E65120925BB46CD00F09093 /* FormDBAndWSUITests.xctest */;
			productType = "com.apple.product-type.bundle.ui-testing";
		};
/* End PBXNativeTarget section */

/* Begin PBXProject section */
		4E6511E025BB46C800F09093 /* Project object */ = {
			isa = PBXProject;
			attributes = {
				LastSwiftUpdateCheck = 1200;
				LastUpgradeCheck = 1200;
				TargetAttributes = {
					4E6511E725BB46C800F09093 = {
						CreatedOnToolsVersion = 12.0.1;
					};
					4E6511FD25BB46CD00F09093 = {
						CreatedOnToolsVersion = 12.0.1;
						TestTargetID = 4E6511E725BB46C800F09093;
					};
					4E65120825BB46CD00F09093 = {
						CreatedOnToolsVersion = 12.0.1;
						TestTargetID = 4E6511E725BB46C800F09093;
					};
				};
			};
			buildConfigurationList = 4E6511E325BB46C800F09093 /* Build configuration list for PBXProject "FormDBAndWS" */;
			compatibilityVersion = "Xcode 9.3";
			developmentRegion = en;
			hasScannedForEncodings = 0;
			knownRegions = (
				en,
				Base,
			);
			mainGroup = 4E6511DF25BB46C800F09093;
			productRefGroup = 4E6511E925BB46C800F09093 /* Products */;
			projectDirPath = "";
			projectRoot = "";
			targets = (
				4E6511E725BB46C800F09093 /* FormDBAndWS */,
				4E6511FD25BB46CD00F09093 /* FormDBAndWSTests */,
				4E65120825BB46CD00F09093 /* FormDBAndWSUITests */,
			);
		};
/* End PBXProject section */

/* Begin PBXResourcesBuildPhase section */
		4E6511E625BB46C800F09093 /* Resources */ = {
			isa = PBXResourcesBuildPhase;
			buildActionMask = 2147483647;
			files = (
				4E6511F825BB46CD00F09093 /* LaunchScreen.storyboard in Resources */,
				4E65130E25BC9D4300F09093 /* RequestTableViewCell.xib in Resources */,
				4E6512C025BB867D00F09093 /* Commons.storyboard in Resources */,
				4E6511F525BB46CD00F09093 /* Assets.xcassets in Resources */,
				4E6511F325BB46C800F09093 /* Main.storyboard in Resources */,
				4E65130725BC9D2300F09093 /* PersonTableViewCell.xib in Resources */,
			);
			runOnlyForDeploymentPostprocessing = 0;
		};
		4E6511FC25BB46CD00F09093 /* Resources */ = {
			isa = PBXResourcesBuildPhase;
			buildActionMask = 2147483647;
			files = (
			);
			runOnlyForDeploymentPostprocessing = 0;
		};
		4E65120725BB46CD00F09093 /* Resources */ = {
			isa = PBXResourcesBuildPhase;
			buildActionMask = 2147483647;
			files = (
			);
			runOnlyForDeploymentPostprocessing = 0;
		};
/* End PBXResourcesBuildPhase section */

/* Begin PBXShellScriptBuildPhase section */
		59A074E0CD69AB3372272FD2 /* [CP] Check Pods Manifest.lock */ = {
			isa = PBXShellScriptBuildPhase;
			buildActionMask = 2147483647;
			files = (
			);
			inputFileListPaths = (
			);
			inputPaths = (
				"${PODS_PODFILE_DIR_PATH}/Podfile.lock",
				"${PODS_ROOT}/Manifest.lock",
			);
			name = "[CP] Check Pods Manifest.lock";
			outputFileListPaths = (
			);
			outputPaths = (
				"$(DERIVED_FILE_DIR)/Pods-FormDBAndWS-checkManifestLockResult.txt",
			);
			runOnlyForDeploymentPostprocessing = 0;
			shellPath = /bin/sh;
			shellScript = "diff \"${PODS_PODFILE_DIR_PATH}/Podfile.lock\" \"${PODS_ROOT}/Manifest.lock\" > /dev/null\nif [ $? != 0 ] ; then\n    # print error to STDERR\n    echo \"error: The sandbox is not in sync with the Podfile.lock. Run 'pod install' or update your CocoaPods installation.\" >&2\n    exit 1\nfi\n# This output is used by Xcode 'outputs' to avoid re-running this script phase.\necho \"SUCCESS\" > \"${SCRIPT_OUTPUT_FILE_0}\"\n";
			showEnvVarsInLog = 0;
		};
		D04550613735DB1AF6B0090A /* [CP] Embed Pods Frameworks */ = {
			isa = PBXShellScriptBuildPhase;
			buildActionMask = 2147483647;
			files = (
			);
			inputFileListPaths = (
				"${PODS_ROOT}/Target Support Files/Pods-FormDBAndWS/Pods-FormDBAndWS-frameworks-${CONFIGURATION}-input-files.xcfilelist",
			);
			name = "[CP] Embed Pods Frameworks";
			outputFileListPaths = (
				"${PODS_ROOT}/Target Support Files/Pods-FormDBAndWS/Pods-FormDBAndWS-frameworks-${CONFIGURATION}-output-files.xcfilelist",
			);
			runOnlyForDeploymentPostprocessing = 0;
			shellPath = /bin/sh;
			shellScript = "\"${PODS_ROOT}/Target Support Files/Pods-FormDBAndWS/Pods-FormDBAndWS-frameworks.sh\"\n";
			showEnvVarsInLog = 0;
		};
/* End PBXShellScriptBuildPhase section */

/* Begin PBXSourcesBuildPhase section */
		4E6511E425BB46C800F09093 /* Sources */ = {
			isa = PBXSourcesBuildPhase;
			buildActionMask = 2147483647;
			files = (
				4E6512CF25BBA7CA00F09093 /* PeopleListDBViewController.swift in Sources */,
				4E6511F025BB46C800F09093 /* ViewController.swift in Sources */,
				4E65129F25BB4FF400F09093 /* Gender.swift in Sources */,
				4E6512F025BBC7FA00F09093 /* UIUtlis.swift in Sources */,
				4E6512E625BBB93900F09093 /* Api.swift in Sources */,
				4E65130D25BC9D4300F09093 /* RequestTableViewCell.swift in Sources */,
				4E6511EC25BB46C800F09093 /* AppDelegate.swift in Sources */,
				4E6512A925BB75C600F09093 /* MDCUtils.swift in Sources */,
				4E6512CA25BBA7BC00F09093 /* PeopleListWSViewController.swift in Sources */,
				4E6512A425BB73EB00F09093 /* Extension.swift in Sources */,
				4E65124925BB4BDF00F09093 /* Person.swift in Sources */,
				4E6512DC25BBAD2600F09093 /* RequestDB.swift in Sources */,
				4E6512EB25BBC0B900F09093 /* GenericResult.swift in Sources */,
				4E65130625BC9D2300F09093 /* PersonTableViewCell.swift in Sources */,
				4E6512C525BB8BA300F09093 /* MainViewController.swift in Sources */,
				4E6512AF25BB779300F09093 /* FormViewController.swift in Sources */,
				4E6512E125BBB84D00F09093 /* Constants.swift in Sources */,
				4E6512D425BBA7E700F09093 /* RequestListViewController.swift in Sources */,
				4E6511EE25BB46C800F09093 /* SceneDelegate.swift in Sources */,
			);
			runOnlyForDeploymentPostprocessing = 0;
		};
		4E6511FA25BB46CD00F09093 /* Sources */ = {
			isa = PBXSourcesBuildPhase;
			buildActionMask = 2147483647;
			files = (
				4E65120325BB46CD00F09093 /* FormDBAndWSTests.swift in Sources */,
			);
			runOnlyForDeploymentPostprocessing = 0;
		};
		4E65120525BB46CD00F09093 /* Sources */ = {
			isa = PBXSourcesBuildPhase;
			buildActionMask = 2147483647;
			files = (
				4E65120E25BB46CD00F09093 /* FormDBAndWSUITests.swift in Sources */,
			);
			runOnlyForDeploymentPostprocessing = 0;
		};
/* End PBXSourcesBuildPhase section */

/* Begin PBXTargetDependency section */
		4E65120025BB46CD00F09093 /* PBXTargetDependency */ = {
			isa = PBXTargetDependency;
			target = 4E6511E725BB46C800F09093 /* FormDBAndWS */;
			targetProxy = 4E6511FF25BB46CD00F09093 /* PBXContainerItemProxy */;
		};
		4E65120B25BB46CD00F09093 /* PBXTargetDependency */ = {
			isa = PBXTargetDependency;
			target = 4E6511E725BB46C800F09093 /* FormDBAndWS */;
			targetProxy = 4E65120A25BB46CD00F09093 /* PBXContainerItemProxy */;
		};
/* End PBXTargetDependency section */

/* Begin PBXVariantGroup section */
		4E6511F125BB46C800F09093 /* Main.storyboard */ = {
			isa = PBXVariantGroup;
			children = (
				4E6511F225BB46C800F09093 /* Base */,
			);
			name = Main.storyboard;
			sourceTree = "<group>";
		};
		4E6511F625BB46CD00F09093 /* LaunchScreen.storyboard */ = {
			isa = PBXVariantGroup;
			children = (
				4E6511F725BB46CD00F09093 /* Base */,
			);
			name = LaunchScreen.storyboard;
			sourceTree = "<group>";
		};
		4E6512BE25BB867D00F09093 /* Commons.storyboard */ = {
			isa = PBXVariantGroup;
			children = (
				4E6512BF25BB867D00F09093 /* Base */,
			);
			name = Commons.storyboard;
			sourceTree = "<group>";
		};
/* End PBXVariantGroup section */

/* Begin XCBuildConfiguration section */
		4E65121025BB46CD00F09093 /* Debug */ = {
			isa = XCBuildConfiguration;
			buildSettings = {
				ALWAYS_SEARCH_USER_PATHS = NO;
				CLANG_ANALYZER_NONNULL = YES;
				CLANG_ANALYZER_NUMBER_OBJECT_CONVERSION = YES_AGGRESSIVE;
				CLANG_CXX_LANGUAGE_STANDARD = "gnu++14";
				CLANG_CXX_LIBRARY = "libc++";
				CLANG_ENABLE_MODULES = YES;
				CLANG_ENABLE_OBJC_ARC = YES;
				CLANG_ENABLE_OBJC_WEAK = YES;
				CLANG_WARN_BLOCK_CAPTURE_AUTORELEASING = YES;
				CLANG_WARN_BOOL_CONVERSION = YES;
				CLANG_WARN_COMMA = YES;
				CLANG_WARN_CONSTANT_CONVERSION = YES;
				CLANG_WARN_DEPRECATED_OBJC_IMPLEMENTATIONS = YES;
				CLANG_WARN_DIRECT_OBJC_ISA_USAGE = YES_ERROR;
				CLANG_WARN_DOCUMENTATION_COMMENTS = YES;
				CLANG_WARN_EMPTY_BODY = YES;
				CLANG_WARN_ENUM_CONVERSION = YES;
				CLANG_WARN_INFINITE_RECURSION = YES;
				CLANG_WARN_INT_CONVERSION = YES;
				CLANG_WARN_NON_LITERAL_NULL_CONVERSION = YES;
				CLANG_WARN_OBJC_IMPLICIT_RETAIN_SELF = YES;
				CLANG_WARN_OBJC_LITERAL_CONVERSION = YES;
				CLANG_WARN_OBJC_ROOT_CLASS = YES_ERROR;
				CLANG_WARN_QUOTED_INCLUDE_IN_FRAMEWORK_HEADER = YES;
				CLANG_WARN_RANGE_LOOP_ANALYSIS = YES;
				CLANG_WARN_STRICT_PROTOTYPES = YES;
				CLANG_WARN_SUSPICIOUS_MOVE = YES;
				CLANG_WARN_UNGUARDED_AVAILABILITY = YES_AGGRESSIVE;
				CLANG_WARN_UNREACHABLE_CODE = YES;
				CLANG_WARN__DUPLICATE_METHOD_MATCH = YES;
				COPY_PHASE_STRIP = NO;
				DEBUG_INFORMATION_FORMAT = dwarf;
				ENABLE_STRICT_OBJC_MSGSEND = YES;
				ENABLE_TESTABILITY = YES;
				GCC_C_LANGUAGE_STANDARD = gnu11;
				GCC_DYNAMIC_NO_PIC = NO;
				GCC_NO_COMMON_BLOCKS = YES;
				GCC_OPTIMIZATION_LEVEL = 0;
				GCC_PREPROCESSOR_DEFINITIONS = (
					"DEBUG=1",
					"$(inherited)",
				);
				GCC_WARN_64_TO_32_BIT_CONVERSION = YES;
				GCC_WARN_ABOUT_RETURN_TYPE = YES_ERROR;
				GCC_WARN_UNDECLARED_SELECTOR = YES;
				GCC_WARN_UNINITIALIZED_AUTOS = YES_AGGRESSIVE;
				GCC_WARN_UNUSED_FUNCTION = YES;
				GCC_WARN_UNUSED_VARIABLE = YES;
				IPHONEOS_DEPLOYMENT_TARGET = 14.0;
				MTL_ENABLE_DEBUG_INFO = INCLUDE_SOURCE;
				MTL_FAST_MATH = YES;
				ONLY_ACTIVE_ARCH = YES;
				SDKROOT = iphoneos;
				SWIFT_ACTIVE_COMPILATION_CONDITIONS = DEBUG;
				SWIFT_OPTIMIZATION_LEVEL = "-Onone";
			};
			name = Debug;
		};
		4E65121125BB46CD00F09093 /* Release */ = {
			isa = XCBuildConfiguration;
			buildSettings = {
				ALWAYS_SEARCH_USER_PATHS = NO;
				CLANG_ANALYZER_NONNULL = YES;
				CLANG_ANALYZER_NUMBER_OBJECT_CONVERSION = YES_AGGRESSIVE;
				CLANG_CXX_LANGUAGE_STANDARD = "gnu++14";
				CLANG_CXX_LIBRARY = "libc++";
				CLANG_ENABLE_MODULES = YES;
				CLANG_ENABLE_OBJC_ARC = YES;
				CLANG_ENABLE_OBJC_WEAK = YES;
				CLANG_WARN_BLOCK_CAPTURE_AUTORELEASING = YES;
				CLANG_WARN_BOOL_CONVERSION = YES;
				CLANG_WARN_COMMA = YES;
				CLANG_WARN_CONSTANT_CONVERSION = YES;
				CLANG_WARN_DEPRECATED_OBJC_IMPLEMENTATIONS = YES;
				CLANG_WARN_DIRECT_OBJC_ISA_USAGE = YES_ERROR;
				CLANG_WARN_DOCUMENTATION_COMMENTS = YES;
				CLANG_WARN_EMPTY_BODY = YES;
				CLANG_WARN_ENUM_CONVERSION = YES;
				CLANG_WARN_INFINITE_RECURSION = YES;
				CLANG_WARN_INT_CONVERSION = YES;
				CLANG_WARN_NON_LITERAL_NULL_CONVERSION = YES;
				CLANG_WARN_OBJC_IMPLICIT_RETAIN_SELF = YES;
				CLANG_WARN_OBJC_LITERAL_CONVERSION = YES;
				CLANG_WARN_OBJC_ROOT_CLASS = YES_ERROR;
				CLANG_WARN_QUOTED_INCLUDE_IN_FRAMEWORK_HEADER = YES;
				CLANG_WARN_RANGE_LOOP_ANALYSIS = YES;
				CLANG_WARN_STRICT_PROTOTYPES = YES;
				CLANG_WARN_SUSPICIOUS_MOVE = YES;
				CLANG_WARN_UNGUARDED_AVAILABILITY = YES_AGGRESSIVE;
				CLANG_WARN_UNREACHABLE_CODE = YES;
				CLANG_WARN__DUPLICATE_METHOD_MATCH = YES;
				COPY_PHASE_STRIP = NO;
				DEBUG_INFORMATION_FORMAT = "dwarf-with-dsym";
				ENABLE_NS_ASSERTIONS = NO;
				ENABLE_STRICT_OBJC_MSGSEND = YES;
				GCC_C_LANGUAGE_STANDARD = gnu11;
				GCC_NO_COMMON_BLOCKS = YES;
				GCC_WARN_64_TO_32_BIT_CONVERSION = YES;
				GCC_WARN_ABOUT_RETURN_TYPE = YES_ERROR;
				GCC_WARN_UNDECLARED_SELECTOR = YES;
				GCC_WARN_UNINITIALIZED_AUTOS = YES_AGGRESSIVE;
				GCC_WARN_UNUSED_FUNCTION = YES;
				GCC_WARN_UNUSED_VARIABLE = YES;
				IPHONEOS_DEPLOYMENT_TARGET = 14.0;
				MTL_ENABLE_DEBUG_INFO = NO;
				MTL_FAST_MATH = YES;
				SDKROOT = iphoneos;
				SWIFT_COMPILATION_MODE = wholemodule;
				SWIFT_OPTIMIZATION_LEVEL = "-O";
				VALIDATE_PRODUCT = YES;
			};
			name = Release;
		};
		4E65121325BB46CD00F09093 /* Debug */ = {
			isa = XCBuildConfiguration;
			baseConfigurationReference = D20EC3CB162280D97251A10C /* Pods-FormDBAndWS.debug.xcconfig */;
			buildSettings = {
				ASSETCATALOG_COMPILER_APPICON_NAME = AppIcon;
				ASSETCATALOG_COMPILER_GLOBAL_ACCENT_COLOR_NAME = AccentColor;
				CODE_SIGN_STYLE = Automatic;
				INFOPLIST_FILE = FormDBAndWS/Info.plist;
				LD_RUNPATH_SEARCH_PATHS = (
					"$(inherited)",
					"@executable_path/Frameworks",
				);
				PRODUCT_BUNDLE_IDENTIFIER = com.exmaple.FormDBAndWS;
				PRODUCT_NAME = "$(TARGET_NAME)";
				SWIFT_VERSION = 5.0;
				TARGETED_DEVICE_FAMILY = "1,2";
			};
			name = Debug;
		};
		4E65121425BB46CD00F09093 /* Release */ = {
			isa = XCBuildConfiguration;
			baseConfigurationReference = 2C8956D6751CBC823293DB33 /* Pods-FormDBAndWS.release.xcconfig */;
			buildSettings = {
				ASSETCATALOG_COMPILER_APPICON_NAME = AppIcon;
				ASSETCATALOG_COMPILER_GLOBAL_ACCENT_COLOR_NAME = AccentColor;
				CODE_SIGN_STYLE = Automatic;
				INFOPLIST_FILE = FormDBAndWS/Info.plist;
				LD_RUNPATH_SEARCH_PATHS = (
					"$(inherited)",
					"@executable_path/Frameworks",
				);
				PRODUCT_BUNDLE_IDENTIFIER = com.exmaple.FormDBAndWS;
				PRODUCT_NAME = "$(TARGET_NAME)";
				SWIFT_VERSION = 5.0;
				TARGETED_DEVICE_FAMILY = "1,2";
			};
			name = Release;
		};
		4E65121625BB46CD00F09093 /* Debug */ = {
			isa = XCBuildConfiguration;
			buildSettings = {
				ALWAYS_EMBED_SWIFT_STANDARD_LIBRARIES = YES;
				BUNDLE_LOADER = "$(TEST_HOST)";
				CODE_SIGN_STYLE = Automatic;
				INFOPLIST_FILE = FormDBAndWSTests/Info.plist;
				IPHONEOS_DEPLOYMENT_TARGET = 14.0;
				LD_RUNPATH_SEARCH_PATHS = (
					"$(inherited)",
					"@executable_path/Frameworks",
					"@loader_path/Frameworks",
				);
				PRODUCT_BUNDLE_IDENTIFIER = com.exmaple.FormDBAndWSTests;
				PRODUCT_NAME = "$(TARGET_NAME)";
				SWIFT_VERSION = 5.0;
				TARGETED_DEVICE_FAMILY = "1,2";
				TEST_HOST = "$(BUILT_PRODUCTS_DIR)/FormDBAndWS.app/FormDBAndWS";
			};
			name = Debug;
		};
		4E65121725BB46CD00F09093 /* Release */ = {
			isa = XCBuildConfiguration;
			buildSettings = {
				ALWAYS_EMBED_SWIFT_STANDARD_LIBRARIES = YES;
				BUNDLE_LOADER = "$(TEST_HOST)";
				CODE_SIGN_STYLE = Automatic;
				INFOPLIST_FILE = FormDBAndWSTests/Info.plist;
				IPHONEOS_DEPLOYMENT_TARGET = 14.0;
				LD_RUNPATH_SEARCH_PATHS = (
					"$(inherited)",
					"@executable_path/Frameworks",
					"@loader_path/Frameworks",
				);
				PRODUCT_BUNDLE_IDENTIFIER = com.exmaple.FormDBAndWSTests;
				PRODUCT_NAME = "$(TARGET_NAME)";
				SWIFT_VERSION = 5.0;
				TARGETED_DEVICE_FAMILY = "1,2";
				TEST_HOST = "$(BUILT_PRODUCTS_DIR)/FormDBAndWS.app/FormDBAndWS";
			};
			name = Release;
		};
		4E65121925BB46CD00F09093 /* Debug */ = {
			isa = XCBuildConfiguration;
			buildSettings = {
				ALWAYS_EMBED_SWIFT_STANDARD_LIBRARIES = YES;
				CODE_SIGN_STYLE = Automatic;
				INFOPLIST_FILE = FormDBAndWSUITests/Info.plist;
				LD_RUNPATH_SEARCH_PATHS = (
					"$(inherited)",
					"@executable_path/Frameworks",
					"@loader_path/Frameworks",
				);
				PRODUCT_BUNDLE_IDENTIFIER = com.exmaple.FormDBAndWSUITests;
				PRODUCT_NAME = "$(TARGET_NAME)";
				SWIFT_VERSION = 5.0;
				TARGETED_DEVICE_FAMILY = "1,2";
				TEST_TARGET_NAME = FormDBAndWS;
			};
			name = Debug;
		};
		4E65121A25BB46CD00F09093 /* Release */ = {
			isa = XCBuildConfiguration;
			buildSettings = {
				ALWAYS_EMBED_SWIFT_STANDARD_LIBRARIES = YES;
				CODE_SIGN_STYLE = Automatic;
				INFOPLIST_FILE = FormDBAndWSUITests/Info.plist;
				LD_RUNPATH_SEARCH_PATHS = (
					"$(inherited)",
					"@executable_path/Frameworks",
					"@loader_path/Frameworks",
				);
				PRODUCT_BUNDLE_IDENTIFIER = com.exmaple.FormDBAndWSUITests;
				PRODUCT_NAME = "$(TARGET_NAME)";
				SWIFT_VERSION = 5.0;
				TARGETED_DEVICE_FAMILY = "1,2";
				TEST_TARGET_NAME = FormDBAndWS;
			};
			name = Release;
		};
/* End XCBuildConfiguration section */

/* Begin XCConfigurationList section */
		4E6511E325BB46C800F09093 /* Build configuration list for PBXProject "FormDBAndWS" */ = {
			isa = XCConfigurationList;
			buildConfigurations = (
				4E65121025BB46CD00F09093 /* Debug */,
				4E65121125BB46CD00F09093 /* Release */,
			);
			defaultConfigurationIsVisible = 0;
			defaultConfigurationName = Release;
		};
		4E65121225BB46CD00F09093 /* Build configuration list for PBXNativeTarget "FormDBAndWS" */ = {
			isa = XCConfigurationList;
			buildConfigurations = (
				4E65121325BB46CD00F09093 /* Debug */,
				4E65121425BB46CD00F09093 /* Release */,
			);
			defaultConfigurationIsVisible = 0;
			defaultConfigurationName = Release;
		};
		4E65121525BB46CD00F09093 /* Build configuration list for PBXNativeTarget "FormDBAndWSTests" */ = {
			isa = XCConfigurationList;
			buildConfigurations = (
				4E65121625BB46CD00F09093 /* Debug */,
				4E65121725BB46CD00F09093 /* Release */,
			);
			defaultConfigurationIsVisible = 0;
			defaultConfigurationName = Release;
		};
		4E65121825BB46CD00F09093 /* Build configuration list for PBXNativeTarget "FormDBAndWSUITests" */ = {
			isa = XCConfigurationList;
			buildConfigurations = (
				4E65121925BB46CD00F09093 /* Debug */,
				4E65121A25BB46CD00F09093 /* Release */,
			);
			defaultConfigurationIsVisible = 0;
			defaultConfigurationName = Release;
		};
/* End XCConfigurationList section */
	};
	rootObject = 4E6511E025BB46C800F09093 /* Project object */;
}
